
Microsoft Visual Studio Solution File, Format Version 12.00
# Visual Studio Version 17
VisualStudioVersion = 17.0.31903.59
MinimumVisualStudioVersion = 10.0.40219.1
Project("{FAE04EC0-301F-11D3-BF4B-00C04F79EFBC}") = "AdrasJRS.Common", "AdrasJRS.Common\AdrasJRS.Common.csproj", "{9B853D07-C5B1-471D-B615-2F83783F564C}"
EndProject
Project("{FAE04EC0-301F-11D3-BF4B-00C04F79EFBC}") = "AdrasJRS.Data", "AdrasJRS.Data\AdrasJRS.Data.csproj", "{1E6AB325-22A9-4704-A3D2-E2C1DA11A811}"
EndProject
Project("{FAE04EC0-301F-11D3-BF4B-00C04F79EFBC}") = "AdrasJRS.WebApp", "AdrasJRS.WebApp\AdrasJRS.WebApp.csproj", "{63A0C959-D25E-4141-801C-18B4EC1F8D03}"
EndProject
Global
	GlobalSection(SolutionConfigurationPlatforms) = preSolution
		Debug|Any CPU = Debug|Any CPU
		Release|Any CPU = Release|Any CPU
	EndGlobalSection
	GlobalSection(SolutionProperties) = preSolution
		HideSolutionNode = FALSE
	EndGlobalSection
	GlobalSection(ProjectConfigurationPlatforms) = postSolution
		{9B853D07-C5B1-471D-B615-2F83783F564C}.Debug|Any CPU.ActiveCfg = Debug|Any CPU
		{9B853D07-C5B1-471D-B615-2F83783F564C}.Debug|Any CPU.Build.0 = Debug|Any CPU
		{9B853D07-C5B1-471D-B615-2F83783F564C}.Release|Any CPU.ActiveCfg = Release|Any CPU
		{9B853D07-C5B1-471D-B615-2F83783F564C}.Release|Any CPU.Build.0 = Release|Any CPU
		{1E6AB325-22A9-4704-A3D2-E2C1DA11A811}.Debug|Any CPU.ActiveCfg = Debug|Any CPU
		{1E6AB325-22A9-4704-A3D2-E2C1DA11A811}.Debug|Any CPU.Build.0 = Debug|Any CPU
		{1E6AB325-22A9-4704-A3D2-E2C1DA11A811}.Release|Any CPU.ActiveCfg = Release|Any CPU
		{1E6AB325-22A9-4704-A3D2-E2C1DA11A811}.Release|Any CPU.Build.0 = Release|Any CPU
		{63A0C959-D25E-4141-801C-18B4EC1F8D03}.Debug|Any CPU.ActiveCfg = Debug|Any CPU
		{63A0C959-D25E-4141-801C-18B4EC1F8D03}.Debug|Any CPU.Build.0 = Debug|Any CPU
		{63A0C959-D25E-4141-801C-18B4EC1F8D03}.Release|Any CPU.ActiveCfg = Release|Any CPU
		{63A0C959-D25E-4141-801C-18B4EC1F8D03}.Release|Any CPU.Build.0 = Release|Any CPU
	EndGlobalSection
EndGlobal
